
Microsoft Visual Studio Solution File, Format Version 12.00
# Visual Studio Version 17
VisualStudioVersion = 17.0.31903.59
MinimumVisualStudioVersion = 10.0.40219.1
Project("{9A19103F-16F7-4668-BE54-9A1E7A4F7556}") = "Todo.Api", "Todo.Api\Todo.Api.csproj", "{7A80E25E-65C2-474E-8618-C7D81E1AE09A}"
EndProject
Project("{9A19103F-16F7-4668-BE54-9A1E7A4F7556}") = "Archive.Api", "Archive.Api\Archive.Api.csproj", "{A64A7EC0-FAD8-40AA-83D5-3ADA375CBBA7}"
EndProject
Project("{FAE04EC0-301F-11D3-BF4B-00C04F79EFBC}") = "Domain.Common", "Domain.Common\Domain.Common.csproj", "{F994F54E-405E-4694-B9CB-BB595B9D8B1F}"
EndProject
Project("{FAE04EC0-301F-11D3-BF4B-00C04F79EFBC}") = "Todo.Application", "Todo.Application\Todo.Application.csproj", "{F3DD778A-1FEC-481B-9EDB-912DECDE69D0}"
EndProject
Project("{FAE04EC0-301F-11D3-BF4B-00C04F79EFBC}") = "Todo.Infrastructure", "Todo.Infrastructure\Todo.Infrastructure.csproj", "{7BE33E13-3B64-4BFF-AA45-A87DBD27248E}"
EndProject
Project("{FAE04EC0-301F-11D3-BF4B-00C04F79EFBC}") = "Archive.Application", "Archive.Application\Archive.Application.csproj", "{B393951F-52EB-47F6-8A1C-83C458C40BC4}"
EndProject
Project("{FAE04EC0-301F-11D3-BF4B-00C04F79EFBC}") = "Archive.Infrastructure", "Archive.Infrastructure\Archive.Infrastructure.csproj", "{D2B85222-3478-42B0-8CB6-A0B36B5A0EB4}"
EndProject
Global
	GlobalSection(SolutionConfigurationPlatforms) = preSolution
		Debug|Any CPU = Debug|Any CPU
		Release|Any CPU = Release|Any CPU
	EndGlobalSection
	GlobalSection(ProjectConfigurationPlatforms) = postSolution
		{7A80E25E-65C2-474E-8618-C7D81E1AE09A}.Debug|Any CPU.ActiveCfg = Debug|Any CPU
		{7A80E25E-65C2-474E-8618-C7D81E1AE09A}.Debug|Any CPU.Build.0 = Debug|Any CPU
		{7A80E25E-65C2-474E-8618-C7D81E1AE09A}.Release|Any CPU.ActiveCfg = Release|Any CPU
		{7A80E25E-65C2-474E-8618-C7D81E1AE09A}.Release|Any CPU.Build.0 = Release|Any CPU
		{A64A7EC0-FAD8-40AA-83D5-3ADA375CBBA7}.Debug|Any CPU.ActiveCfg = Debug|Any CPU
		{A64A7EC0-FAD8-40AA-83D5-3ADA375CBBA7}.Debug|Any CPU.Build.0 = Debug|Any CPU
		{A64A7EC0-FAD8-40AA-83D5-3ADA375CBBA7}.Release|Any CPU.ActiveCfg = Release|Any CPU
		{A64A7EC0-FAD8-40AA-83D5-3ADA375CBBA7}.Release|Any CPU.Build.0 = Release|Any CPU
		{F994F54E-405E-4694-B9CB-BB595B9D8B1F}.Debug|Any CPU.ActiveCfg = Debug|Any CPU
		{F994F54E-405E-4694-B9CB-BB595B9D8B1F}.Debug|Any CPU.Build.0 = Debug|Any CPU
		{F994F54E-405E-4694-B9CB-BB595B9D8B1F}.Release|Any CPU.ActiveCfg = Release|Any CPU
		{F994F54E-405E-4694-B9CB-BB595B9D8B1F}.Release|Any CPU.Build.0 = Release|Any CPU
		{F3DD778A-1FEC-481B-9EDB-912DECDE69D0}.Debug|Any CPU.ActiveCfg = Debug|Any CPU
		{F3DD778A-1FEC-481B-9EDB-912DECDE69D0}.Debug|Any CPU.Build.0 = Debug|Any CPU
		{F3DD778A-1FEC-481B-9EDB-912DECDE69D0}.Release|Any CPU.ActiveCfg = Release|Any CPU
		{F3DD778A-1FEC-481B-9EDB-912DECDE69D0}.Release|Any CPU.Build.0 = Release|Any CPU
		{7BE33E13-3B64-4BFF-AA45-A87DBD27248E}.Debug|Any CPU.ActiveCfg = Debug|Any CPU
		{7BE33E13-3B64-4BFF-AA45-A87DBD27248E}.Debug|Any CPU.Build.0 = Debug|Any CPU
		{7BE33E13-3B64-4BFF-AA45-A87DBD27248E}.Release|Any CPU.ActiveCfg = Release|Any CPU
		{7BE33E13-3B64-4BFF-AA45-A87DBD27248E}.Release|Any CPU.Build.0 = Release|Any CPU
		{B393951F-52EB-47F6-8A1C-83C458C40BC4}.Debug|Any CPU.ActiveCfg = Debug|Any CPU
		{B393951F-52EB-47F6-8A1C-83C458C40BC4}.Debug|Any CPU.Build.0 = Debug|Any CPU
		{B393951F-52EB-47F6-8A1C-83C458C40BC4}.Release|Any CPU.ActiveCfg = Release|Any CPU
		{B393951F-52EB-47F6-8A1C-83C458C40BC4}.Release|Any CPU.Build.0 = Release|Any CPU
		{D2B85222-3478-42B0-8CB6-A0B36B5A0EB4}.Debug|Any CPU.ActiveCfg = Debug|Any CPU
		{D2B85222-3478-42B0-8CB6-A0B36B5A0EB4}.Debug|Any CPU.Build.0 = Debug|Any CPU
		{D2B85222-3478-42B0-8CB6-A0B36B5A0EB4}.Release|Any CPU.ActiveCfg = Release|Any CPU
		{D2B85222-3478-42B0-8CB6-A0B36B5A0EB4}.Release|Any CPU.Build.0 = Release|Any CPU
	EndGlobalSection
	GlobalSection(SolutionProperties) = preSolution
		HideSolutionNode = FALSE
	EndGlobalSection
	GlobalSection(ExtensibilityGlobals) = postSolution
		SolutionGuid = {E8D3F875-5822-4FE7-8F32-0758F100E23F}
	EndGlobalSection
EndGlobal
